
Microsoft Visual Studio Solution File, Format Version 12.00
# Visual Studio Version 16
VisualStudioVersion = 16.0.29306.81
MinimumVisualStudioVersion = 10.0.40219.1
Project("{FAE04EC0-301F-11D3-BF4B-00C04F79EFBC}") = "Hafta-1 Toplama Ödevi", "Hafta-1 Toplama Ödevi\Hafta-1 Toplama Ödevi.csproj", "{DB63DD2F-70AF-4823-930D-A0FF9711437A}"
EndProject
Global
	GlobalSection(SolutionConfigurationPlatforms) = preSolution
		Debug|Any CPU = Debug|Any CPU
		Release|Any CPU = Release|Any CPU
	EndGlobalSection
	GlobalSection(ProjectConfigurationPlatforms) = postSolution
		{DB63DD2F-70AF-4823-930D-A0FF9711437A}.Debug|Any CPU.ActiveCfg = Debug|Any CPU
		{DB63DD2F-70AF-4823-930D-A0FF9711437A}.Debug|Any CPU.Build.0 = Debug|Any CPU
		{DB63DD2F-70AF-4823-930D-A0FF9711437A}.Release|Any CPU.ActiveCfg = Release|Any CPU
		{DB63DD2F-70AF-4823-930D-A0FF9711437A}.Release|Any CPU.Build.0 = Release|Any CPU
	EndGlobalSection
	GlobalSection(SolutionProperties) = preSolution
		HideSolutionNode = FALSE
	EndGlobalSection
	GlobalSection(ExtensibilityGlobals) = postSolution
		SolutionGuid = {2DAB8C8D-0327-40BA-9776-D5FCB74B9673}
	EndGlobalSection
EndGlobal
